
Microsoft Visual Studio Solution File, Format Version 12.00
# Visual Studio 15
VisualStudioVersion = 15.0.27703.2047
MinimumVisualStudioVersion = 10.0.40219.1
Project("{FAE04EC0-301F-11D3-BF4B-00C04F79EFBC}") = "CodeCreator", "CodeCreator\CodeCreator.csproj", "{023C6C4E-03A0-4331-843B-79EFEC751FDC}"
EndProject
Global
	GlobalSection(SolutionConfigurationPlatforms) = preSolution
		Debug|Any CPU = Debug|Any CPU
		Release|Any CPU = Release|Any CPU
	EndGlobalSection
	GlobalSection(ProjectConfigurationPlatforms) = postSolution
		{023C6C4E-03A0-4331-843B-79EFEC751FDC}.Debug|Any CPU.ActiveCfg = Debug|Any CPU
		{023C6C4E-03A0-4331-843B-79EFEC751FDC}.Debug|Any CPU.Build.0 = Debug|Any CPU
		{023C6C4E-03A0-4331-843B-79EFEC751FDC}.Release|Any CPU.ActiveCfg = Release|Any CPU
		{023C6C4E-03A0-4331-843B-79EFEC751FDC}.Release|Any CPU.Build.0 = Release|Any CPU
	EndGlobalSection
	GlobalSection(SolutionProperties) = preSolution
		HideSolutionNode = FALSE
	EndGlobalSection
	GlobalSection(ExtensibilityGlobals) = postSolution
		SolutionGuid = {949D925E-9BBB-4581-8758-AE5A4862DCFB}
	EndGlobalSection
EndGlobal
